
Microsoft Visual Studio Solution File, Format Version 12.00
# Visual Studio 15
Project("{FAE04EC0-301F-11D3-BF4B-00C04F79EFBC}") = "Assembly-CSharp", "Assembly-CSharp.csproj", "{B28E9DFD-B010-6277-A5FB-724BF16F6F45}"
EndProject
Project("{FAE04EC0-301F-11D3-BF4B-00C04F79EFBC}") = "Assembly-CSharp-Editor", "Assembly-CSharp-Editor.csproj", "{55430092-9765-4324-F0E1-1D22F440A4D7}"
EndProject
Global
	GlobalSection(SolutionConfigurationPlatforms) = preSolution
		Debug|Any CPU = Debug|Any CPU
		Release|Any CPU = Release|Any CPU
	EndGlobalSection
	GlobalSection(ProjectConfigurationPlatforms) = postSolution
		{B28E9DFD-B010-6277-A5FB-724BF16F6F45}.Debug|Any CPU.ActiveCfg = Debug|Any CPU
		{B28E9DFD-B010-6277-A5FB-724BF16F6F45}.Debug|Any CPU.Build.0 = Debug|Any CPU
		{B28E9DFD-B010-6277-A5FB-724BF16F6F45}.Release|Any CPU.ActiveCfg = Release|Any CPU
		{B28E9DFD-B010-6277-A5FB-724BF16F6F45}.Release|Any CPU.Build.0 = Release|Any CPU
		{55430092-9765-4324-F0E1-1D22F440A4D7}.Debug|Any CPU.ActiveCfg = Debug|Any CPU
		{55430092-9765-4324-F0E1-1D22F440A4D7}.Debug|Any CPU.Build.0 = Debug|Any CPU
		{55430092-9765-4324-F0E1-1D22F440A4D7}.Release|Any CPU.ActiveCfg = Release|Any CPU
		{55430092-9765-4324-F0E1-1D22F440A4D7}.Release|Any CPU.Build.0 = Release|Any CPU
	EndGlobalSection
	GlobalSection(SolutionProperties) = preSolution
		HideSolutionNode = FALSE
	EndGlobalSection
EndGlobal
